{
  "nodes": {
    "agenix": {
      "inputs": {
        "darwin": [],
        "home-manager": [
          "home-manager"
        ],
        "nixpkgs": [
          "nixpkgs"
        ],
        "systems": "systems"
      },
      "locked": {
        "lastModified": 1736955230,
        "narHash": "sha256-uenf8fv2eG5bKM8C/UvFaiJMZ4IpUFaQxk9OH5t/1gA=",
        "owner": "ryantm",
        "repo": "agenix",
        "rev": "e600439ec4c273cf11e06fe4d9d906fb98fa097c",
        "type": "github"
      },
      "original": {
        "owner": "ryantm",
        "repo": "agenix",
        "type": "github"
      }
    },
    "crane": {
      "locked": {
        "lastModified": 1741148495,
        "narHash": "sha256-EV8KUaIZ2/CdBXlutXrHoZYbWPeB65p5kKZk71gvDRI=",
        "owner": "ipetkov",
        "repo": "crane",
        "rev": "75390a36cd0c2cdd5f1aafd8a9f827d7107f2e53",
        "type": "github"
      },
      "original": {
        "owner": "ipetkov",
        "repo": "crane",
        "type": "github"
      }
    },
    "flake-compat": {
      "flake": false,
      "locked": {
        "lastModified": 1733328505,
        "narHash": "sha256-NeCCThCEP3eCl2l/+27kNNK7QrwZB1IJCrXfrbv5oqU=",
        "owner": "edolstra",
        "repo": "flake-compat",
        "rev": "ff81ac966bb2cae68946d5ed5fc4994f96d0ffec",
        "type": "github"
      },
      "original": {
        "owner": "edolstra",
        "repo": "flake-compat",
        "type": "github"
      }
    },
    "flake-parts": {
      "inputs": {
        "nixpkgs-lib": [
          "lanzaboote",
          "nixpkgs"
        ]
      },
      "locked": {
        "lastModified": 1740872218,
        "narHash": "sha256-ZaMw0pdoUKigLpv9HiNDH2Pjnosg7NBYMJlHTIsHEUo=",
        "owner": "hercules-ci",
        "repo": "flake-parts",
        "rev": "3876f6b87db82f33775b1ef5ea343986105db764",
        "type": "github"
      },
      "original": {
        "owner": "hercules-ci",
        "repo": "flake-parts",
        "type": "github"
      }
    },
    "home-manager": {
      "inputs": {
        "nixpkgs": [
          "nixpkgs"
        ]
      },
      "locked": {
        "lastModified": 1739757849,
        "narHash": "sha256-Gs076ot1YuAAsYVcyidLKUMIc4ooOaRGO0PqTY7sBzA=",
        "owner": "nix-community",
        "repo": "home-manager",
        "rev": "9d3d080aec2a35e05a15cedd281c2384767c2cfe",
        "type": "github"
      },
      "original": {
        "owner": "nix-community",
        "ref": "release-24.11",
        "repo": "home-manager",
        "type": "github"
      }
    },
    "lanzaboote": {
      "inputs": {
        "crane": "crane",
        "flake-compat": "flake-compat",
        "flake-parts": "flake-parts",
        "nixpkgs": [
          "nixpkgs"
        ],
        "pre-commit-hooks-nix": [],
        "rust-overlay": "rust-overlay"
      },
      "locked": {
        "lastModified": 1741442524,
        "narHash": "sha256-tVcxLDLLho8dWcO81Xj/3/ANLdVs0bGyCPyKjp70JWk=",
        "owner": "nix-community",
        "repo": "lanzaboote",
        "rev": "d8099586d9a84308ffedac07880e7f07a0180ff4",
        "type": "github"
      },
      "original": {
        "owner": "nix-community",
        "repo": "lanzaboote",
        "type": "github"
      }
    },
    "nixpkgs": {
      "locked": {
        "lastModified": 1742136038,
        "narHash": "sha256-DDe16FJk18sadknQKKG/9FbwEro7A57tg9vB5kxZ8kY=",
        "owner": "nixos",
        "repo": "nixpkgs",
        "rev": "a1185f4064c18a5db37c5c84e5638c78b46e3341",
        "type": "github"
      },
      "original": {
        "owner": "nixos",
        "ref": "nixos-24.11",
        "repo": "nixpkgs",
        "type": "github"
      }
    },
    "nixpkgs-unstable": {
      "locked": {
        "lastModified": 1742069588,
        "narHash": "sha256-C7jVfohcGzdZRF6DO+ybyG/sqpo1h6bZi9T56sxLy+k=",
        "owner": "NixOS",
        "repo": "nixpkgs",
        "rev": "c80f6a7e10b39afcc1894e02ef785b1ad0b0d7e5",
        "type": "github"
      },
      "original": {
        "owner": "NixOS",
        "ref": "nixos-unstable",
        "repo": "nixpkgs",
        "type": "github"
      }
    },
    "nixpkgs-unstable-small": {
      "locked": {
        "lastModified": 1743039536,
        "narHash": "sha256-O3GFPU0Uyv80LKVMMukVqrfxSzWKkBwQIHN2UnRSCZk=",
        "owner": "NixOS",
        "repo": "nixpkgs",
        "rev": "0ab4a506520ea9247e673e9849ecf84c72f88be2",
        "type": "github"
      },
      "original": {
        "owner": "NixOS",
        "ref": "nixos-unstable-small",
        "repo": "nixpkgs",
        "type": "github"
      }
    },
    "root": {
      "inputs": {
        "agenix": "agenix",
        "home-manager": "home-manager",
        "lanzaboote": "lanzaboote",
        "nixpkgs": "nixpkgs",
        "nixpkgs-unstable": "nixpkgs-unstable",
        "nixpkgs-unstable-small": "nixpkgs-unstable-small",
        "scalpel": "scalpel"
      }
    },
    "rust-overlay": {
      "inputs": {
        "nixpkgs": [
          "lanzaboote",
          "nixpkgs"
        ]
      },
      "locked": {
        "lastModified": 1741228283,
        "narHash": "sha256-VzqI+k/eoijLQ5am6rDFDAtFAbw8nltXfLBC6SIEJAE=",
        "owner": "oxalica",
        "repo": "rust-overlay",
        "rev": "38e9826bc4296c9daf18bc1e6aa299f3e932a403",
        "type": "github"
      },
      "original": {
        "owner": "oxalica",
        "repo": "rust-overlay",
        "type": "github"
      }
    },
    "scalpel": {
      "inputs": {
        "nixpkgs": [
          "nixpkgs"
        ],
        "sops-nix": []
      },
      "locked": {
        "lastModified": 1655566736,
        "narHash": "sha256-Vyolf8j7QcAHyVTQMqS8EGYZ/P6leJtiVNhYyIxoMRw=",
        "owner": "polygon",
        "repo": "scalpel",
        "rev": "16c2103d613bb1c7adc6dbf2a17c2980ce08567f",
        "type": "github"
      },
      "original": {
        "owner": "polygon",
        "repo": "scalpel",
        "type": "github"
      }
    },
    "systems": {
      "locked": {
        "lastModified": 1681028828,
        "narHash": "sha256-Vy1rq5AaRuLzOxct8nz4T6wlgyUR7zLU309k9mBC768=",
        "owner": "nix-systems",
        "repo": "default",
        "rev": "da67096a3b9bf56a91d16901293e51ba5b49a27e",
        "type": "github"
      },
      "original": {
        "owner": "nix-systems",
        "repo": "default",
        "type": "github"
      }
    }
  },
  "root": "root",
  "version": 7
}
