{
  "nodes": {
    "agenix": {
      "inputs": {
        "darwin": [],
        "home-manager": [
          "home-manager"
        ],
        "nixpkgs": [
          "nixpkgs"
        ],
        "systems": "systems"
      },
      "locked": {
        "lastModified": 1747575206,
        "narHash": "sha256-NwmAFuDUO/PFcgaGGr4j3ozG9Pe5hZ/ogitWhY+D81k=",
        "owner": "ryantm",
        "repo": "agenix",
        "rev": "4835b1dc898959d8547a871ef484930675cb47f1",
        "type": "github"
      },
      "original": {
        "owner": "ryantm",
        "repo": "agenix",
        "type": "github"
      }
    },
    "crane": {
      "locked": {
        "lastModified": 1746291859,
        "narHash": "sha256-DdWJLA+D5tcmrRSg5Y7tp/qWaD05ATI4Z7h22gd1h7Q=",
        "owner": "ipetkov",
        "repo": "crane",
        "rev": "dfd9a8dfd09db9aad544c4d3b6c47b12562544a5",
        "type": "github"
      },
      "original": {
        "owner": "ipetkov",
        "repo": "crane",
        "type": "github"
      }
    },
    "flake-compat": {
      "flake": false,
      "locked": {
        "lastModified": 1733328505,
        "narHash": "sha256-NeCCThCEP3eCl2l/+27kNNK7QrwZB1IJCrXfrbv5oqU=",
        "owner": "edolstra",
        "repo": "flake-compat",
        "rev": "ff81ac966bb2cae68946d5ed5fc4994f96d0ffec",
        "type": "github"
      },
      "original": {
        "owner": "edolstra",
        "repo": "flake-compat",
        "type": "github"
      }
    },
    "flake-parts": {
      "inputs": {
        "nixpkgs-lib": [
          "lanzaboote",
          "nixpkgs"
        ]
      },
      "locked": {
        "lastModified": 1743550720,
        "narHash": "sha256-hIshGgKZCgWh6AYJpJmRgFdR3WUbkY04o82X05xqQiY=",
        "owner": "hercules-ci",
        "repo": "flake-parts",
        "rev": "c621e8422220273271f52058f618c94e405bb0f5",
        "type": "github"
      },
      "original": {
        "owner": "hercules-ci",
        "repo": "flake-parts",
        "type": "github"
      }
    },
    "home-manager": {
      "inputs": {
        "nixpkgs": [
          "nixpkgs"
        ]
      },
      "locked": {
        "lastModified": 1748665073,
        "narHash": "sha256-RMhjnPKWtCoIIHiuR9QKD7xfsKb3agxzMfJY8V9MOew=",
        "owner": "nix-community",
        "repo": "home-manager",
        "rev": "282e1e029cb6ab4811114fc85110613d72771dea",
        "type": "github"
      },
      "original": {
        "owner": "nix-community",
        "ref": "release-25.05",
        "repo": "home-manager",
        "type": "github"
      }
    },
    "lanzaboote": {
      "inputs": {
        "crane": "crane",
        "flake-compat": "flake-compat",
        "flake-parts": "flake-parts",
        "nixpkgs": [
          "nixpkgs"
        ],
        "pre-commit-hooks-nix": [],
        "rust-overlay": "rust-overlay"
      },
      "locked": {
        "lastModified": 1747056319,
        "narHash": "sha256-qSKcBaISBozadtPq6BomnD+wIYTZIkiua3UuHLaD52c=",
        "owner": "nix-community",
        "repo": "lanzaboote",
        "rev": "2e425f3da6ce7f5b34fa6eaf7a2a7f78dbabcc85",
        "type": "github"
      },
      "original": {
        "owner": "nix-community",
        "repo": "lanzaboote",
        "type": "github"
      }
    },
    "nixpkgs": {
      "locked": {
        "lastModified": 1748889542,
        "narHash": "sha256-Hb4iMhIbjX45GcrgOp3b8xnyli+ysRPqAgZ/LZgyT5k=",
        "owner": "nixos",
        "repo": "nixpkgs",
        "rev": "10d7f8d34e5eb9c0f9a0485186c1ca691d2c5922",
        "type": "github"
      },
      "original": {
        "owner": "nixos",
        "ref": "nixos-25.05",
        "repo": "nixpkgs",
        "type": "github"
      }
    },
    "nixpkgs-unstable": {
      "locked": {
        "lastModified": 1748693115,
        "narHash": "sha256-StSrWhklmDuXT93yc3GrTlb0cKSS0agTAxMGjLKAsY8=",
        "owner": "NixOS",
        "repo": "nixpkgs",
        "rev": "910796cabe436259a29a72e8d3f5e180fc6dfacc",
        "type": "github"
      },
      "original": {
        "owner": "NixOS",
        "ref": "nixos-unstable",
        "repo": "nixpkgs",
        "type": "github"
      }
    },
    "nixpkgs-unstable-small": {
      "locked": {
        "lastModified": 1748856973,
        "narHash": "sha256-RlTsJUvvr8ErjPBsiwrGbbHYW8XbB/oek0Gi78XdWKg=",
        "owner": "NixOS",
        "repo": "nixpkgs",
        "rev": "e4b09e47ace7d87de083786b404bf232eb6c89d8",
        "type": "github"
      },
      "original": {
        "owner": "NixOS",
        "ref": "nixos-unstable-small",
        "repo": "nixpkgs",
        "type": "github"
      }
    },
    "root": {
      "inputs": {
        "agenix": "agenix",
        "home-manager": "home-manager",
        "lanzaboote": "lanzaboote",
        "nixpkgs": "nixpkgs",
        "nixpkgs-unstable": "nixpkgs-unstable",
        "nixpkgs-unstable-small": "nixpkgs-unstable-small",
        "scalpel": "scalpel"
      }
    },
    "rust-overlay": {
      "inputs": {
        "nixpkgs": [
          "lanzaboote",
          "nixpkgs"
        ]
      },
      "locked": {
        "lastModified": 1747017456,
        "narHash": "sha256-C/U12fcO+HEF071b5mK65lt4XtAIZyJSSJAg9hdlvTk=",
        "owner": "oxalica",
        "repo": "rust-overlay",
        "rev": "5b07506ae89b025b14de91f697eba23b48654c52",
        "type": "github"
      },
      "original": {
        "owner": "oxalica",
        "repo": "rust-overlay",
        "type": "github"
      }
    },
    "scalpel": {
      "inputs": {
        "nixpkgs": [
          "nixpkgs"
        ],
        "sops-nix": []
      },
      "locked": {
        "lastModified": 1655566736,
        "narHash": "sha256-Vyolf8j7QcAHyVTQMqS8EGYZ/P6leJtiVNhYyIxoMRw=",
        "owner": "polygon",
        "repo": "scalpel",
        "rev": "16c2103d613bb1c7adc6dbf2a17c2980ce08567f",
        "type": "github"
      },
      "original": {
        "owner": "polygon",
        "repo": "scalpel",
        "type": "github"
      }
    },
    "systems": {
      "locked": {
        "lastModified": 1681028828,
        "narHash": "sha256-Vy1rq5AaRuLzOxct8nz4T6wlgyUR7zLU309k9mBC768=",
        "owner": "nix-systems",
        "repo": "default",
        "rev": "da67096a3b9bf56a91d16901293e51ba5b49a27e",
        "type": "github"
      },
      "original": {
        "owner": "nix-systems",
        "repo": "default",
        "type": "github"
      }
    }
  },
  "root": "root",
  "version": 7
}
